
Microsoft Visual Studio Solution File, Format Version 12.00
# Visual Studio Version 16
VisualStudioVersion = 16.0.31213.239
MinimumVisualStudioVersion = 10.0.40219.1
Project("{FAE04EC0-301F-11D3-BF4B-00C04F79EFBC}") = "Nodsoft.YumeChan.RoleDeck", "Nodsoft.YumeChan.RoleDeck.csproj", "{C7404174-4C69-4C6B-B90B-AFEB916A9122}"
EndProject
Global
	GlobalSection(SolutionConfigurationPlatforms) = preSolution
		Debug|Any CPU = Debug|Any CPU
		Release|Any CPU = Release|Any CPU
	EndGlobalSection
	GlobalSection(ProjectConfigurationPlatforms) = postSolution
		{C7404174-4C69-4C6B-B90B-AFEB916A9122}.Debug|Any CPU.ActiveCfg = Debug|Any CPU
		{C7404174-4C69-4C6B-B90B-AFEB916A9122}.Debug|Any CPU.Build.0 = Debug|Any CPU
		{C7404174-4C69-4C6B-B90B-AFEB916A9122}.Release|Any CPU.ActiveCfg = Release|Any CPU
		{C7404174-4C69-4C6B-B90B-AFEB916A9122}.Release|Any CPU.Build.0 = Release|Any CPU
	EndGlobalSection
	GlobalSection(SolutionProperties) = preSolution
		HideSolutionNode = FALSE
	EndGlobalSection
	GlobalSection(ExtensibilityGlobals) = postSolution
		SolutionGuid = {95EF5EB9-975F-491F-87FD-A496DBDBF05C}
	EndGlobalSection
EndGlobal
